
Microsoft Visual Studio Solution File, Format Version 12.00
# Visual Studio 15
VisualStudioVersion = 15.0.27703.2026
MinimumVisualStudioVersion = 10.0.40219.1
Project("{FAE04EC0-301F-11D3-BF4B-00C04F79EFBC}") = "WhoWhere", "WhoWhere\WhoWhere.csproj", "{18EAB93C-C911-4F1C-90E8-F17877649239}"
EndProject
Global
	GlobalSection(SolutionConfigurationPlatforms) = preSolution
		Debug|Any CPU = Debug|Any CPU
		Release|Any CPU = Release|Any CPU
	EndGlobalSection
	GlobalSection(ProjectConfigurationPlatforms) = postSolution
		{18EAB93C-C911-4F1C-90E8-F17877649239}.Debug|Any CPU.ActiveCfg = Debug|Any CPU
		{18EAB93C-C911-4F1C-90E8-F17877649239}.Debug|Any CPU.Build.0 = Debug|Any CPU
		{18EAB93C-C911-4F1C-90E8-F17877649239}.Release|Any CPU.ActiveCfg = Release|Any CPU
		{18EAB93C-C911-4F1C-90E8-F17877649239}.Release|Any CPU.Build.0 = Release|Any CPU
	EndGlobalSection
	GlobalSection(SolutionProperties) = preSolution
		HideSolutionNode = FALSE
	EndGlobalSection
	GlobalSection(ExtensibilityGlobals) = postSolution
		SolutionGuid = {D63A0A47-30C3-44AD-A776-9285D3E6000B}
	EndGlobalSection
EndGlobal
